// !$*UTF8*$!
{
	archiveVersion = 1;
	classes = {
	};
	objectVersion = 46;
	objects = {

/* Begin PBXBuildFile section */
		38F8A6431EA6DE9500FF586D /* Element.swift in Sources */ = {isa = PBXBuildFile; fileRef = F1B9AA861DB2C74300D38E22 /* Element.swift */; };
		38F8A6441EA6DE9500FF586D /* Extensions.swift in Sources */ = {isa = PBXBuildFile; fileRef = F1B9AA871DB2C74300D38E22 /* Extensions.swift */; };
		38F8A6451EA6DE9500FF586D /* Notepad-iOS.swift in Sources */ = {isa = PBXBuildFile; fileRef = F1B9AA881DB2C74300D38E22 /* Notepad-iOS.swift */; };
		38F8A6461EA6DE9500FF586D /* Storage.swift in Sources */ = {isa = PBXBuildFile; fileRef = F1B9AA891DB2C74300D38E22 /* Storage.swift */; };
		38F8A6471EA6DE9500FF586D /* Style.swift in Sources */ = {isa = PBXBuildFile; fileRef = F1B9AA8A1DB2C74300D38E22 /* Style.swift */; };
		38F8A6481EA6DE9500FF586D /* Theme.swift in Sources */ = {isa = PBXBuildFile; fileRef = F1B9AA8B1DB2C74300D38E22 /* Theme.swift */; };
		504B70031F21D051002F9D8E /* AppDelegate.swift in Sources */ = {isa = PBXBuildFile; fileRef = 504B70021F21D051002F9D8E /* AppDelegate.swift */; };
		504B70051F21D051002F9D8E /* ViewController.swift in Sources */ = {isa = PBXBuildFile; fileRef = 504B70041F21D051002F9D8E /* ViewController.swift */; };
		504B70071F21D051002F9D8E /* Assets.xcassets in Resources */ = {isa = PBXBuildFile; fileRef = 504B70061F21D051002F9D8E /* Assets.xcassets */; };
		504B700A1F21D051002F9D8E /* Main.storyboard in Resources */ = {isa = PBXBuildFile; fileRef = 504B70081F21D051002F9D8E /* Main.storyboard */; };
		504B70181F21D7CB002F9D8E /* NotepadOSX.h in Headers */ = {isa = PBXBuildFile; fileRef = 504B70161F21D7CB002F9D8E /* NotepadOSX.h */; settings = {ATTRIBUTES = (Public, ); }; };
		504B701B1F21D7CB002F9D8E /* Notepad.framework in Frameworks */ = {isa = PBXBuildFile; fileRef = 504B70141F21D7CB002F9D8E /* Notepad.framework */; };
		504B701C1F21D7CB002F9D8E /* Notepad.framework in Embed Frameworks */ = {isa = PBXBuildFile; fileRef = 504B70141F21D7CB002F9D8E /* Notepad.framework */; settings = {ATTRIBUTES = (CodeSignOnCopy, RemoveHeadersOnCopy, ); }; };
		504B70221F21D821002F9D8E /* Element.swift in Sources */ = {isa = PBXBuildFile; fileRef = F1B9AA861DB2C74300D38E22 /* Element.swift */; };
		504B70281F21D9A5002F9D8E /* UniversalTypes.swift in Sources */ = {isa = PBXBuildFile; fileRef = 504B70271F21D9A5002F9D8E /* UniversalTypes.swift */; };
		504B702A1F21DA30002F9D8E /* UniversalTypes.swift in Sources */ = {isa = PBXBuildFile; fileRef = 504B70271F21D9A5002F9D8E /* UniversalTypes.swift */; };
		504B702B1F21DB6A002F9D8E /* Element.swift in Sources */ = {isa = PBXBuildFile; fileRef = F1B9AA861DB2C74300D38E22 /* Element.swift */; };
		504B702C1F21DB78002F9D8E /* Extensions.swift in Sources */ = {isa = PBXBuildFile; fileRef = F1B9AA871DB2C74300D38E22 /* Extensions.swift */; };
		504B702D1F21DB78002F9D8E /* UniversalTypes.swift in Sources */ = {isa = PBXBuildFile; fileRef = 504B70271F21D9A5002F9D8E /* UniversalTypes.swift */; };
		504B702E1F21DB78002F9D8E /* Notepad-macOS.swift in Sources */ = {isa = PBXBuildFile; fileRef = 504B70241F21D906002F9D8E /* Notepad-macOS.swift */; };
		504B702F1F21DB78002F9D8E /* Storage.swift in Sources */ = {isa = PBXBuildFile; fileRef = F1B9AA891DB2C74300D38E22 /* Storage.swift */; };
		504B70301F21DB78002F9D8E /* Style.swift in Sources */ = {isa = PBXBuildFile; fileRef = F1B9AA8A1DB2C74300D38E22 /* Style.swift */; };
		504B70311F21DB78002F9D8E /* Theme.swift in Sources */ = {isa = PBXBuildFile; fileRef = F1B9AA8B1DB2C74300D38E22 /* Theme.swift */; };
		504B70321F21DFE0002F9D8E /* themes in Resources */ = {isa = PBXBuildFile; fileRef = F1ABABC11DDE916100E11B6B /* themes */; };
		504B70331F21DFF0002F9D8E /* tests.md in Resources */ = {isa = PBXBuildFile; fileRef = F1C0E9731DB292C600DDE5EE /* tests.md */; };
		504B70341F21DFF0002F9D8E /* description.md in Resources */ = {isa = PBXBuildFile; fileRef = F1C0E9771DB2A00600DDE5EE /* description.md */; };
		504B70351F21E089002F9D8E /* themes in Resources */ = {isa = PBXBuildFile; fileRef = F1ABABC11DDE916100E11B6B /* themes */; };
		F1730EB81DAEA6BE00E2BB0B /* AppDelegate.swift in Sources */ = {isa = PBXBuildFile; fileRef = F1730EB71DAEA6BE00E2BB0B /* AppDelegate.swift */; };
		F1730EBD1DAEA6BE00E2BB0B /* Main.storyboard in Resources */ = {isa = PBXBuildFile; fileRef = F1730EBB1DAEA6BE00E2BB0B /* Main.storyboard */; };
		F1730EBF1DAEA6BE00E2BB0B /* Assets.xcassets in Resources */ = {isa = PBXBuildFile; fileRef = F1730EBE1DAEA6BE00E2BB0B /* Assets.xcassets */; };
		F1730EC21DAEA6BE00E2BB0B /* LaunchScreen.storyboard in Resources */ = {isa = PBXBuildFile; fileRef = F1730EC01DAEA6BE00E2BB0B /* LaunchScreen.storyboard */; };
		F1ABABED1DDE923E00E11B6B /* Notepad.h in Headers */ = {isa = PBXBuildFile; fileRef = F1ABABEB1DDE923E00E11B6B /* Notepad.h */; settings = {ATTRIBUTES = (Public, ); }; };
		F1ABABF01DDE923E00E11B6B /* Notepad.framework in Frameworks */ = {isa = PBXBuildFile; fileRef = F1ABABE91DDE923E00E11B6B /* Notepad.framework */; };
		F1ABABF11DDE923E00E11B6B /* Notepad.framework in Embed Frameworks */ = {isa = PBXBuildFile; fileRef = F1ABABE91DDE923E00E11B6B /* Notepad.framework */; settings = {ATTRIBUTES = (CodeSignOnCopy, RemoveHeadersOnCopy, ); }; };
		F1ABABFC1DDE927E00E11B6B /* themes in Resources */ = {isa = PBXBuildFile; fileRef = F1ABABC11DDE916100E11B6B /* themes */; };
		F1B9AA971DB2C74300D38E22 /* Extensions.swift in Sources */ = {isa = PBXBuildFile; fileRef = F1B9AA871DB2C74300D38E22 /* Extensions.swift */; };
		F1B9AA981DB2C74300D38E22 /* Notepad-iOS.swift in Sources */ = {isa = PBXBuildFile; fileRef = F1B9AA881DB2C74300D38E22 /* Notepad-iOS.swift */; };
		F1B9AA991DB2C74300D38E22 /* Storage.swift in Sources */ = {isa = PBXBuildFile; fileRef = F1B9AA891DB2C74300D38E22 /* Storage.swift */; };
		F1B9AA9A1DB2C74300D38E22 /* Style.swift in Sources */ = {isa = PBXBuildFile; fileRef = F1B9AA8A1DB2C74300D38E22 /* Style.swift */; };
		F1B9AA9B1DB2C74300D38E22 /* Theme.swift in Sources */ = {isa = PBXBuildFile; fileRef = F1B9AA8B1DB2C74300D38E22 /* Theme.swift */; };
		F1C0E9651DB17D5700DDE5EE /* ViewController.swift in Sources */ = {isa = PBXBuildFile; fileRef = F1C0E9641DB17D5700DDE5EE /* ViewController.swift */; };
		F1C0E9741DB292C600DDE5EE /* tests.md in Resources */ = {isa = PBXBuildFile; fileRef = F1C0E9731DB292C600DDE5EE /* tests.md */; };
		F1C0E9781DB2A00600DDE5EE /* description.md in Resources */ = {isa = PBXBuildFile; fileRef = F1C0E9771DB2A00600DDE5EE /* description.md */; };
		F8BA375E225363500002EAFB /* themes in Resources */ = {isa = PBXBuildFile; fileRef = F1ABABC11DDE916100E11B6B /* themes */; };
/* End PBXBuildFile section */

/* Begin PBXContainerItemProxy section */
		504B70191F21D7CB002F9D8E /* PBXContainerItemProxy */ = {
			isa = PBXContainerItemProxy;
			containerPortal = F1730EAC1DAEA6BE00E2BB0B /* Project object */;
			proxyType = 1;
			remoteGlobalIDString = 504B70131F21D7CB002F9D8E;
			remoteInfo = NotepadOSX;
		};
		F1ABABEE1DDE923E00E11B6B /* PBXContainerItemProxy */ = {
			isa = PBXContainerItemProxy;
			containerPortal = F1730EAC1DAEA6BE00E2BB0B /* Project object */;
			proxyType = 1;
			remoteGlobalIDString = F1ABABE81DDE923E00E11B6B;
			remoteInfo = Notepad;
		};
/* End PBXContainerItemProxy section */

/* Begin PBXCopyFilesBuildPhase section */
		504B70201F21D7CB002F9D8E /* Embed Frameworks */ = {
			isa = PBXCopyFilesBuildPhase;
			buildActionMask = 2147483647;
			dstPath = "";
			dstSubfolderSpec = 10;
			files = (
				504B701C1F21D7CB002F9D8E /* Notepad.framework in Embed Frameworks */,
			);
			name = "Embed Frameworks";
			runOnlyForDeploymentPostprocessing = 0;
		};
		F1ABABDB1DDE91B100E11B6B /* Embed Frameworks */ = {
			isa = PBXCopyFilesBuildPhase;
			buildActionMask = 2147483647;
			dstPath = "";
			dstSubfolderSpec = 10;
			files = (
				F1ABABF11DDE923E00E11B6B /* Notepad.framework in Embed Frameworks */,
			);
			name = "Embed Frameworks";
			runOnlyForDeploymentPostprocessing = 0;
		};
/* End PBXCopyFilesBuildPhase section */

/* Begin PBXFileReference section */
		504B70001F21D051002F9D8E /* Example macOS.app */ = {isa = PBXFileReference; explicitFileType = wrapper.application; includeInIndex = 0; path = "Example macOS.app"; sourceTree = BUILT_PRODUCTS_DIR; };
		504B70021F21D051002F9D8E /* AppDelegate.swift */ = {isa = PBXFileReference; lastKnownFileType = sourcecode.swift; path = AppDelegate.swift; sourceTree = "<group>"; };
		504B70041F21D051002F9D8E /* ViewController.swift */ = {isa = PBXFileReference; lastKnownFileType = sourcecode.swift; path = ViewController.swift; sourceTree = "<group>"; };
		504B70061F21D051002F9D8E /* Assets.xcassets */ = {isa = PBXFileReference; lastKnownFileType = folder.assetcatalog; path = Assets.xcassets; sourceTree = "<group>"; };
		504B70091F21D051002F9D8E /* Base */ = {isa = PBXFileReference; lastKnownFileType = file.storyboard; name = Base; path = Base.lproj/Main.storyboard; sourceTree = "<group>"; };
		504B700B1F21D051002F9D8E /* Info.plist */ = {isa = PBXFileReference; lastKnownFileType = text.plist.xml; path = Info.plist; sourceTree = "<group>"; };
		504B70141F21D7CB002F9D8E /* Notepad.framework */ = {isa = PBXFileReference; explicitFileType = wrapper.framework; includeInIndex = 0; path = Notepad.framework; sourceTree = BUILT_PRODUCTS_DIR; };
		504B70161F21D7CB002F9D8E /* NotepadOSX.h */ = {isa = PBXFileReference; lastKnownFileType = sourcecode.c.h; path = NotepadOSX.h; sourceTree = "<group>"; };
		504B70171F21D7CB002F9D8E /* Info.plist */ = {isa = PBXFileReference; lastKnownFileType = text.plist.xml; path = Info.plist; sourceTree = "<group>"; };
		504B70241F21D906002F9D8E /* Notepad-macOS.swift */ = {isa = PBXFileReference; fileEncoding = 4; lastKnownFileType = sourcecode.swift; path = "Notepad-macOS.swift"; sourceTree = "<group>"; };
		504B70271F21D9A5002F9D8E /* UniversalTypes.swift */ = {isa = PBXFileReference; fileEncoding = 4; lastKnownFileType = sourcecode.swift; path = UniversalTypes.swift; sourceTree = "<group>"; };
		F1730EB41DAEA6BE00E2BB0B /* Example.app */ = {isa = PBXFileReference; explicitFileType = wrapper.application; includeInIndex = 0; path = Example.app; sourceTree = BUILT_PRODUCTS_DIR; };
		F1730EB71DAEA6BE00E2BB0B /* AppDelegate.swift */ = {isa = PBXFileReference; lastKnownFileType = sourcecode.swift; path = AppDelegate.swift; sourceTree = "<group>"; };
		F1730EBC1DAEA6BE00E2BB0B /* Base */ = {isa = PBXFileReference; lastKnownFileType = file.storyboard; name = Base; path = Base.lproj/Main.storyboard; sourceTree = "<group>"; };
		F1730EBE1DAEA6BE00E2BB0B /* Assets.xcassets */ = {isa = PBXFileReference; lastKnownFileType = folder.assetcatalog; path = Assets.xcassets; sourceTree = "<group>"; };
		F1730EC11DAEA6BE00E2BB0B /* Base */ = {isa = PBXFileReference; lastKnownFileType = file.storyboard; name = Base; path = Base.lproj/LaunchScreen.storyboard; sourceTree = "<group>"; };
		F1730EC31DAEA6BE00E2BB0B /* Info.plist */ = {isa = PBXFileReference; lastKnownFileType = text.plist.xml; path = Info.plist; sourceTree = "<group>"; };
		F1ABABC11DDE916100E11B6B /* themes */ = {isa = PBXFileReference; lastKnownFileType = folder; path = themes; sourceTree = "<group>"; };
		F1ABABE91DDE923E00E11B6B /* Notepad.framework */ = {isa = PBXFileReference; explicitFileType = wrapper.framework; includeInIndex = 0; path = Notepad.framework; sourceTree = BUILT_PRODUCTS_DIR; };
		F1ABABEB1DDE923E00E11B6B /* Notepad.h */ = {isa = PBXFileReference; lastKnownFileType = sourcecode.c.h; path = Notepad.h; sourceTree = "<group>"; };
		F1ABABEC1DDE923E00E11B6B /* Info.plist */ = {isa = PBXFileReference; lastKnownFileType = text.plist.xml; path = Info.plist; sourceTree = "<group>"; };
		F1B9AA861DB2C74300D38E22 /* Element.swift */ = {isa = PBXFileReference; fileEncoding = 4; lastKnownFileType = sourcecode.swift; path = Element.swift; sourceTree = "<group>"; };
		F1B9AA871DB2C74300D38E22 /* Extensions.swift */ = {isa = PBXFileReference; fileEncoding = 4; lastKnownFileType = sourcecode.swift; path = Extensions.swift; sourceTree = "<group>"; };
		F1B9AA881DB2C74300D38E22 /* Notepad-iOS.swift */ = {isa = PBXFileReference; fileEncoding = 4; lastKnownFileType = sourcecode.swift; path = "Notepad-iOS.swift"; sourceTree = "<group>"; };
		F1B9AA891DB2C74300D38E22 /* Storage.swift */ = {isa = PBXFileReference; fileEncoding = 4; lastKnownFileType = sourcecode.swift; path = Storage.swift; sourceTree = "<group>"; };
		F1B9AA8A1DB2C74300D38E22 /* Style.swift */ = {isa = PBXFileReference; fileEncoding = 4; lastKnownFileType = sourcecode.swift; path = Style.swift; sourceTree = "<group>"; };
		F1B9AA8B1DB2C74300D38E22 /* Theme.swift */ = {isa = PBXFileReference; fileEncoding = 4; lastKnownFileType = sourcecode.swift; path = Theme.swift; sourceTree = "<group>"; };
		F1C0E9641DB17D5700DDE5EE /* ViewController.swift */ = {isa = PBXFileReference; fileEncoding = 4; lastKnownFileType = sourcecode.swift; path = ViewController.swift; sourceTree = "<group>"; };
		F1C0E9731DB292C600DDE5EE /* tests.md */ = {isa = PBXFileReference; fileEncoding = 4; lastKnownFileType = net.daringfireball.markdown; path = tests.md; sourceTree = "<group>"; };
		F1C0E9771DB2A00600DDE5EE /* description.md */ = {isa = PBXFileReference; fileEncoding = 4; lastKnownFileType = net.daringfireball.markdown; path = description.md; sourceTree = "<group>"; };
/* End PBXFileReference section */

/* Begin PBXFrameworksBuildPhase section */
		504B6FFD1F21D051002F9D8E /* Frameworks */ = {
			isa = PBXFrameworksBuildPhase;
			buildActionMask = 2147483647;
			files = (
				504B701B1F21D7CB002F9D8E /* Notepad.framework in Frameworks */,
			);
			runOnlyForDeploymentPostprocessing = 0;
		};
		504B70101F21D7CB002F9D8E /* Frameworks */ = {
			isa = PBXFrameworksBuildPhase;
			buildActionMask = 2147483647;
			files = (
			);
			runOnlyForDeploymentPostprocessing = 0;
		};
		F1730EB11DAEA6BE00E2BB0B /* Frameworks */ = {
			isa = PBXFrameworksBuildPhase;
			buildActionMask = 2147483647;
			files = (
				F1ABABF01DDE923E00E11B6B /* Notepad.framework in Frameworks */,
			);
			runOnlyForDeploymentPostprocessing = 0;
		};
		F1ABABE51DDE923E00E11B6B /* Frameworks */ = {
			isa = PBXFrameworksBuildPhase;
			buildActionMask = 2147483647;
			files = (
			);
			runOnlyForDeploymentPostprocessing = 0;
		};
/* End PBXFrameworksBuildPhase section */

/* Begin PBXGroup section */
		504B70011F21D051002F9D8E /* Example macOS */ = {
			isa = PBXGroup;
			children = (
				504B70021F21D051002F9D8E /* AppDelegate.swift */,
				504B70041F21D051002F9D8E /* ViewController.swift */,
				504B70061F21D051002F9D8E /* Assets.xcassets */,
				504B70081F21D051002F9D8E /* Main.storyboard */,
				504B700B1F21D051002F9D8E /* Info.plist */,
			);
			path = "Example macOS";
			sourceTree = "<group>";
		};
		504B70151F21D7CB002F9D8E /* NotepadOSX */ = {
			isa = PBXGroup;
			children = (
				504B70161F21D7CB002F9D8E /* NotepadOSX.h */,
				504B70171F21D7CB002F9D8E /* Info.plist */,
			);
			path = NotepadOSX;
			sourceTree = "<group>";
		};
		F1730EAB1DAEA6BE00E2BB0B = {
			isa = PBXGroup;
			children = (
				F1730EB61DAEA6BE00E2BB0B /* Example */,
				F1ABABEA1DDE923E00E11B6B /* Notepad */,
				504B70151F21D7CB002F9D8E /* NotepadOSX */,
				504B70011F21D051002F9D8E /* Example macOS */,
				F1730EB51DAEA6BE00E2BB0B /* Products */,
			);
			sourceTree = "<group>";
		};
		F1730EB51DAEA6BE00E2BB0B /* Products */ = {
			isa = PBXGroup;
			children = (
				F1730EB41DAEA6BE00E2BB0B /* Example.app */,
				F1ABABE91DDE923E00E11B6B /* Notepad.framework */,
				504B70001F21D051002F9D8E /* Example macOS.app */,
				504B70141F21D7CB002F9D8E /* Notepad.framework */,
			);
			name = Products;
			sourceTree = "<group>";
		};
		F1730EB61DAEA6BE00E2BB0B /* Example */ = {
			isa = PBXGroup;
			children = (
				F1730EB71DAEA6BE00E2BB0B /* AppDelegate.swift */,
				F1C0E9641DB17D5700DDE5EE /* ViewController.swift */,
				F1C0E9731DB292C600DDE5EE /* tests.md */,
				F1C0E9771DB2A00600DDE5EE /* description.md */,
				F1ABABF51DDE925900E11B6B /* Extra */,
			);
			path = Example;
			sourceTree = "<group>";
		};
		F1ABABEA1DDE923E00E11B6B /* Notepad */ = {
			isa = PBXGroup;
			children = (
				F1ABABC11DDE916100E11B6B /* themes */,
				F1B9AA861DB2C74300D38E22 /* Element.swift */,
				F1B9AA871DB2C74300D38E22 /* Extensions.swift */,
				504B70271F21D9A5002F9D8E /* UniversalTypes.swift */,
				F1B9AA881DB2C74300D38E22 /* Notepad-iOS.swift */,
				504B70241F21D906002F9D8E /* Notepad-macOS.swift */,
				F1B9AA891DB2C74300D38E22 /* Storage.swift */,
				F1B9AA8A1DB2C74300D38E22 /* Style.swift */,
				F1B9AA8B1DB2C74300D38E22 /* Theme.swift */,
				F1ABABEB1DDE923E00E11B6B /* Notepad.h */,
				F1ABABEC1DDE923E00E11B6B /* Info.plist */,
			);
			path = Notepad;
			sourceTree = "<group>";
		};
		F1ABABF51DDE925900E11B6B /* Extra */ = {
			isa = PBXGroup;
			children = (
				F1730EBB1DAEA6BE00E2BB0B /* Main.storyboard */,
				F1730EBE1DAEA6BE00E2BB0B /* Assets.xcassets */,
				F1730EC01DAEA6BE00E2BB0B /* LaunchScreen.storyboard */,
				F1730EC31DAEA6BE00E2BB0B /* Info.plist */,
			);
			name = Extra;
			sourceTree = "<group>";
		};
/* End PBXGroup section */

/* Begin PBXHeadersBuildPhase section */
		504B70111F21D7CB002F9D8E /* Headers */ = {
			isa = PBXHeadersBuildPhase;
			buildActionMask = 2147483647;
			files = (
				504B70181F21D7CB002F9D8E /* NotepadOSX.h in Headers */,
			);
			runOnlyForDeploymentPostprocessing = 0;
		};
		F1ABABE61DDE923E00E11B6B /* Headers */ = {
			isa = PBXHeadersBuildPhase;
			buildActionMask = 2147483647;
			files = (
				F1ABABED1DDE923E00E11B6B /* Notepad.h in Headers */,
			);
			runOnlyForDeploymentPostprocessing = 0;
		};
/* End PBXHeadersBuildPhase section */

/* Begin PBXNativeTarget section */
		504B6FFF1F21D051002F9D8E /* Example macOS */ = {
			isa = PBXNativeTarget;
			buildConfigurationList = 504B700C1F21D051002F9D8E /* Build configuration list for PBXNativeTarget "Example macOS" */;
			buildPhases = (
				504B6FFC1F21D051002F9D8E /* Sources */,
				504B6FFD1F21D051002F9D8E /* Frameworks */,
				504B6FFE1F21D051002F9D8E /* Resources */,
				504B70201F21D7CB002F9D8E /* Embed Frameworks */,
			);
			buildRules = (
			);
			dependencies = (
				504B701A1F21D7CB002F9D8E /* PBXTargetDependency */,
			);
			name = "Example macOS";
			productName = "Example macOS";
			productReference = 504B70001F21D051002F9D8E /* Example macOS.app */;
			productType = "com.apple.product-type.application";
		};
		504B70131F21D7CB002F9D8E /* Notepad macOS */ = {
			isa = PBXNativeTarget;
			buildConfigurationList = 504B701D1F21D7CB002F9D8E /* Build configuration list for PBXNativeTarget "Notepad macOS" */;
			buildPhases = (
				504B700F1F21D7CB002F9D8E /* Sources */,
				504B70101F21D7CB002F9D8E /* Frameworks */,
				504B70111F21D7CB002F9D8E /* Headers */,
				504B70121F21D7CB002F9D8E /* Resources */,
			);
			buildRules = (
			);
			dependencies = (
			);
			name = "Notepad macOS";
			productName = NotepadOSX;
			productReference = 504B70141F21D7CB002F9D8E /* Notepad.framework */;
			productType = "com.apple.product-type.framework";
		};
		F1730EB31DAEA6BE00E2BB0B /* Example */ = {
			isa = PBXNativeTarget;
			buildConfigurationList = F1730EC61DAEA6BE00E2BB0B /* Build configuration list for PBXNativeTarget "Example" */;
			buildPhases = (
				F1730EB01DAEA6BE00E2BB0B /* Sources */,
				F1730EB11DAEA6BE00E2BB0B /* Frameworks */,
				F1730EB21DAEA6BE00E2BB0B /* Resources */,
				F1ABABDB1DDE91B100E11B6B /* Embed Frameworks */,
			);
			buildRules = (
			);
			dependencies = (
				F1ABABEF1DDE923E00E11B6B /* PBXTargetDependency */,
			);
			name = Example;
			productName = Example;
			productReference = F1730EB41DAEA6BE00E2BB0B /* Example.app */;
			productType = "com.apple.product-type.application";
		};
		F1ABABE81DDE923E00E11B6B /* Notepad */ = {
			isa = PBXNativeTarget;
			buildConfigurationList = F1ABABF21DDE923E00E11B6B /* Build configuration list for PBXNativeTarget "Notepad" */;
			buildPhases = (
				F1ABABE41DDE923E00E11B6B /* Sources */,
				F1ABABE51DDE923E00E11B6B /* Frameworks */,
				F1ABABE61DDE923E00E11B6B /* Headers */,
				F1ABABE71DDE923E00E11B6B /* Resources */,
			);
			buildRules = (
			);
			dependencies = (
			);
			name = Notepad;
			productName = Notepad;
			productReference = F1ABABE91DDE923E00E11B6B /* Notepad.framework */;
			productType = "com.apple.product-type.framework";
		};
/* End PBXNativeTarget section */

/* Begin PBXProject section */
		F1730EAC1DAEA6BE00E2BB0B /* Project object */ = {
			isa = PBXProject;
			attributes = {
				LastSwiftUpdateCheck = 0830;
				LastUpgradeCheck = 1020;
				ORGANIZATIONNAME = "Rudd Fawcett";
				TargetAttributes = {
					504B6FFF1F21D051002F9D8E = {
						CreatedOnToolsVersion = 8.3.2;
						DevelopmentTeam = FRMDA3XRGC;
						ProvisioningStyle = Automatic;
					};
					504B70131F21D7CB002F9D8E = {
						CreatedOnToolsVersion = 8.3.2;
						DevelopmentTeam = FRMDA3XRGC;
						ProvisioningStyle = Automatic;
					};
					F1730EB31DAEA6BE00E2BB0B = {
						CreatedOnToolsVersion = 7.3.1;
						DevelopmentTeam = TKRZ2F6UEQ;
						LastSwiftMigration = 0800;
					};
					F1ABABE81DDE923E00E11B6B = {
						CreatedOnToolsVersion = 8.1;
						LastSwiftMigration = 0920;
						ProvisioningStyle = Automatic;
					};
				};
			};
			buildConfigurationList = F1730EAF1DAEA6BE00E2BB0B /* Build configuration list for PBXProject "Example" */;
			compatibilityVersion = "Xcode 3.2";
			developmentRegion = en;
			hasScannedForEncodings = 0;
			knownRegions = (
				en,
				Base,
			);
			mainGroup = F1730EAB1DAEA6BE00E2BB0B;
			productRefGroup = F1730EB51DAEA6BE00E2BB0B /* Products */;
			projectDirPath = "";
			projectRoot = "";
			targets = (
				F1730EB31DAEA6BE00E2BB0B /* Example */,
				504B6FFF1F21D051002F9D8E /* Example macOS */,
				F1ABABE81DDE923E00E11B6B /* Notepad */,
				504B70131F21D7CB002F9D8E /* Notepad macOS */,
			);
		};
/* End PBXProject section */

/* Begin PBXResourcesBuildPhase section */
		504B6FFE1F21D051002F9D8E /* Resources */ = {
			isa = PBXResourcesBuildPhase;
			buildActionMask = 2147483647;
			files = (
				504B70071F21D051002F9D8E /* Assets.xcassets in Resources */,
				504B70351F21E089002F9D8E /* themes in Resources */,
				504B70331F21DFF0002F9D8E /* tests.md in Resources */,
				504B70341F21DFF0002F9D8E /* description.md in Resources */,
				504B700A1F21D051002F9D8E /* Main.storyboard in Resources */,
			);
			runOnlyForDeploymentPostprocessing = 0;
		};
		504B70121F21D7CB002F9D8E /* Resources */ = {
			isa = PBXResourcesBuildPhase;
			buildActionMask = 2147483647;
			files = (
				504B70321F21DFE0002F9D8E /* themes in Resources */,
			);
			runOnlyForDeploymentPostprocessing = 0;
		};
		F1730EB21DAEA6BE00E2BB0B /* Resources */ = {
			isa = PBXResourcesBuildPhase;
			buildActionMask = 2147483647;
			files = (
				F1730EC21DAEA6BE00E2BB0B /* LaunchScreen.storyboard in Resources */,
				F1C0E9781DB2A00600DDE5EE /* description.md in Resources */,
				F8BA375E225363500002EAFB /* themes in Resources */,
				F1C0E9741DB292C600DDE5EE /* tests.md in Resources */,
				F1730EBF1DAEA6BE00E2BB0B /* Assets.xcassets in Resources */,
				F1730EBD1DAEA6BE00E2BB0B /* Main.storyboard in Resources */,
			);
			runOnlyForDeploymentPostprocessing = 0;
		};
		F1ABABE71DDE923E00E11B6B /* Resources */ = {
			isa = PBXResourcesBuildPhase;
			buildActionMask = 2147483647;
			files = (
				F1ABABFC1DDE927E00E11B6B /* themes in Resources */,
			);
			runOnlyForDeploymentPostprocessing = 0;
		};
/* End PBXResourcesBuildPhase section */

/* Begin PBXSourcesBuildPhase section */
		504B6FFC1F21D051002F9D8E /* Sources */ = {
			isa = PBXSourcesBuildPhase;
			buildActionMask = 2147483647;
			files = (
				504B70051F21D051002F9D8E /* ViewController.swift in Sources */,
				504B70031F21D051002F9D8E /* AppDelegate.swift in Sources */,
			);
			runOnlyForDeploymentPostprocessing = 0;
		};
		504B700F1F21D7CB002F9D8E /* Sources */ = {
			isa = PBXSourcesBuildPhase;
			buildActionMask = 2147483647;
			files = (
				504B702D1F21DB78002F9D8E /* UniversalTypes.swift in Sources */,
				504B70301F21DB78002F9D8E /* Style.swift in Sources */,
				504B702E1F21DB78002F9D8E /* Notepad-macOS.swift in Sources */,
				504B702B1F21DB6A002F9D8E /* Element.swift in Sources */,
				504B702C1F21DB78002F9D8E /* Extensions.swift in Sources */,
				504B702F1F21DB78002F9D8E /* Storage.swift in Sources */,
				504B70311F21DB78002F9D8E /* Theme.swift in Sources */,
			);
			runOnlyForDeploymentPostprocessing = 0;
		};
		F1730EB01DAEA6BE00E2BB0B /* Sources */ = {
			isa = PBXSourcesBuildPhase;
			buildActionMask = 2147483647;
			files = (
				F1730EB81DAEA6BE00E2BB0B /* AppDelegate.swift in Sources */,
				F1B9AA9B1DB2C74300D38E22 /* Theme.swift in Sources */,
				504B70221F21D821002F9D8E /* Element.swift in Sources */,
				F1C0E9651DB17D5700DDE5EE /* ViewController.swift in Sources */,
				F1B9AA981DB2C74300D38E22 /* Notepad-iOS.swift in Sources */,
				F1B9AA971DB2C74300D38E22 /* Extensions.swift in Sources */,
				504B702A1F21DA30002F9D8E /* UniversalTypes.swift in Sources */,
				F1B9AA9A1DB2C74300D38E22 /* Style.swift in Sources */,
				F1B9AA991DB2C74300D38E22 /* Storage.swift in Sources */,
			);
			runOnlyForDeploymentPostprocessing = 0;
		};
		F1ABABE41DDE923E00E11B6B /* Sources */ = {
			isa = PBXSourcesBuildPhase;
			buildActionMask = 2147483647;
			files = (
				38F8A6431EA6DE9500FF586D /* Element.swift in Sources */,
				38F8A6441EA6DE9500FF586D /* Extensions.swift in Sources */,
				38F8A6451EA6DE9500FF586D /* Notepad-iOS.swift in Sources */,
				38F8A6461EA6DE9500FF586D /* Storage.swift in Sources */,
				38F8A6471EA6DE9500FF586D /* Style.swift in Sources */,
				38F8A6481EA6DE9500FF586D /* Theme.swift in Sources */,
				504B70281F21D9A5002F9D8E /* UniversalTypes.swift in Sources */,
			);
			runOnlyForDeploymentPostprocessing = 0;
		};
/* End PBXSourcesBuildPhase section */

/* Begin PBXTargetDependency section */
		504B701A1F21D7CB002F9D8E /* PBXTargetDependency */ = {
			isa = PBXTargetDependency;
			target = 504B70131F21D7CB002F9D8E /* Notepad macOS */;
			targetProxy = 504B70191F21D7CB002F9D8E /* PBXContainerItemProxy */;
		};
		F1ABABEF1DDE923E00E11B6B /* PBXTargetDependency */ = {
			isa = PBXTargetDependency;
			target = F1ABABE81DDE923E00E11B6B /* Notepad */;
			targetProxy = F1ABABEE1DDE923E00E11B6B /* PBXContainerItemProxy */;
		};
/* End PBXTargetDependency section */

/* Begin PBXVariantGroup section */
		504B70081F21D051002F9D8E /* Main.storyboard */ = {
			isa = PBXVariantGroup;
			children = (
				504B70091F21D051002F9D8E /* Base */,
			);
			name = Main.storyboard;
			sourceTree = "<group>";
		};
		F1730EBB1DAEA6BE00E2BB0B /* Main.storyboard */ = {
			isa = PBXVariantGroup;
			children = (
				F1730EBC1DAEA6BE00E2BB0B /* Base */,
			);
			name = Main.storyboard;
			sourceTree = "<group>";
		};
		F1730EC01DAEA6BE00E2BB0B /* LaunchScreen.storyboard */ = {
			isa = PBXVariantGroup;
			children = (
				F1730EC11DAEA6BE00E2BB0B /* Base */,
			);
			name = LaunchScreen.storyboard;
			sourceTree = "<group>";
		};
/* End PBXVariantGroup section */

/* Begin XCBuildConfiguration section */
		504B700D1F21D051002F9D8E /* Debug */ = {
			isa = XCBuildConfiguration;
			buildSettings = {
				ALWAYS_EMBED_SWIFT_STANDARD_LIBRARIES = YES;
				ASSETCATALOG_COMPILER_APPICON_NAME = AppIcon;
				CLANG_ANALYZER_NUMBER_OBJECT_CONVERSION = YES_AGGRESSIVE;
				CLANG_WARN_DOCUMENTATION_COMMENTS = YES;
				CODE_SIGN_IDENTITY = "-";
				COMBINE_HIDPI_IMAGES = YES;
				DEVELOPMENT_TEAM = FRMDA3XRGC;
				INFOPLIST_FILE = "Example macOS/Info.plist";
				LD_RUNPATH_SEARCH_PATHS = "$(inherited) @executable_path/../Frameworks";
				MACOSX_DEPLOYMENT_TARGET = 10.11;
				PRODUCT_BUNDLE_IDENTIFIER = "com.ruddfawcett.Example-macOS";
				PRODUCT_NAME = "$(TARGET_NAME)";
				SDKROOT = macosx;
				SWIFT_ACTIVE_COMPILATION_CONDITIONS = DEBUG;
				SWIFT_VERSION = 5.0;
			};
			name = Debug;
		};
		504B700E1F21D051002F9D8E /* Release */ = {
			isa = XCBuildConfiguration;
			buildSettings = {
				ALWAYS_EMBED_SWIFT_STANDARD_LIBRARIES = YES;
				ASSETCATALOG_COMPILER_APPICON_NAME = AppIcon;
				CLANG_ANALYZER_NUMBER_OBJECT_CONVERSION = YES_AGGRESSIVE;
				CLANG_WARN_DOCUMENTATION_COMMENTS = YES;
				CODE_SIGN_IDENTITY = "-";
				COMBINE_HIDPI_IMAGES = YES;
				DEVELOPMENT_TEAM = FRMDA3XRGC;
				INFOPLIST_FILE = "Example macOS/Info.plist";
				LD_RUNPATH_SEARCH_PATHS = "$(inherited) @executable_path/../Frameworks";
				MACOSX_DEPLOYMENT_TARGET = 10.11;
				PRODUCT_BUNDLE_IDENTIFIER = "com.ruddfawcett.Example-macOS";
				PRODUCT_NAME = "$(TARGET_NAME)";
				SDKROOT = macosx;
				SWIFT_VERSION = 5.0;
			};
			name = Release;
		};
		504B701E1F21D7CB002F9D8E /* Debug */ = {
			isa = XCBuildConfiguration;
			buildSettings = {
				CLANG_ANALYZER_NUMBER_OBJECT_CONVERSION = YES_AGGRESSIVE;
				CLANG_WARN_DOCUMENTATION_COMMENTS = YES;
				CODE_SIGN_IDENTITY = "-";
				COMBINE_HIDPI_IMAGES = YES;
				CURRENT_PROJECT_VERSION = 1;
				DEFINES_MODULE = YES;
				DEVELOPMENT_TEAM = FRMDA3XRGC;
				DYLIB_COMPATIBILITY_VERSION = 1;
				DYLIB_CURRENT_VERSION = 1;
				DYLIB_INSTALL_NAME_BASE = "@rpath";
				FRAMEWORK_VERSION = A;
				INFOPLIST_FILE = NotepadOSX/Info.plist;
				INSTALL_PATH = "$(LOCAL_LIBRARY_DIR)/Frameworks";
				LD_RUNPATH_SEARCH_PATHS = "$(inherited) @executable_path/../Frameworks @loader_path/Frameworks";
				MACOSX_DEPLOYMENT_TARGET = 10.11;
				PRODUCT_BUNDLE_IDENTIFIER = com.ruddfawcett.NotepadOSX;
				PRODUCT_NAME = Notepad;
				SDKROOT = macosx;
				SKIP_INSTALL = YES;
				SWIFT_ACTIVE_COMPILATION_CONDITIONS = DEBUG;
				SWIFT_VERSION = 5.0;
				VERSIONING_SYSTEM = "apple-generic";
				VERSION_INFO_PREFIX = "";
			};
			name = Debug;
		};
		504B701F1F21D7CB002F9D8E /* Release */ = {
			isa = XCBuildConfiguration;
			buildSettings = {
				CLANG_ANALYZER_NUMBER_OBJECT_CONVERSION = YES_AGGRESSIVE;
				CLANG_WARN_DOCUMENTATION_COMMENTS = YES;
				CODE_SIGN_IDENTITY = "-";
				COMBINE_HIDPI_IMAGES = YES;
				CURRENT_PROJECT_VERSION = 1;
				DEFINES_MODULE = YES;
				DEVELOPMENT_TEAM = FRMDA3XRGC;
				DYLIB_COMPATIBILITY_VERSION = 1;
				DYLIB_CURRENT_VERSION = 1;
				DYLIB_INSTALL_NAME_BASE = "@rpath";
				FRAMEWORK_VERSION = A;
				INFOPLIST_FILE = NotepadOSX/Info.plist;
				INSTALL_PATH = "$(LOCAL_LIBRARY_DIR)/Frameworks";
				LD_RUNPATH_SEARCH_PATHS = "$(inherited) @executable_path/../Frameworks @loader_path/Frameworks";
				MACOSX_DEPLOYMENT_TARGET = 10.11;
				PRODUCT_BUNDLE_IDENTIFIER = com.ruddfawcett.NotepadOSX;
				PRODUCT_NAME = Notepad;
				SDKROOT = macosx;
				SKIP_INSTALL = YES;
				SWIFT_VERSION = 5.0;
				VERSIONING_SYSTEM = "apple-generic";
				VERSION_INFO_PREFIX = "";
			};
			name = Release;
		};
		F1730EC41DAEA6BE00E2BB0B /* Debug */ = {
			isa = XCBuildConfiguration;
			buildSettings = {
				ALWAYS_SEARCH_USER_PATHS = NO;
				CLANG_ANALYZER_NONNULL = YES;
				CLANG_CXX_LANGUAGE_STANDARD = "gnu++0x";
				CLANG_CXX_LIBRARY = "libc++";
				CLANG_ENABLE_MODULES = YES;
				CLANG_ENABLE_OBJC_ARC = YES;
				CLANG_WARN_BLOCK_CAPTURE_AUTORELEASING = YES;
				CLANG_WARN_BOOL_CONVERSION = YES;
				CLANG_WARN_COMMA = YES;
				CLANG_WARN_CONSTANT_CONVERSION = YES;
				CLANG_WARN_DEPRECATED_OBJC_IMPLEMENTATIONS = YES;
				CLANG_WARN_DIRECT_OBJC_ISA_USAGE = YES_ERROR;
				CLANG_WARN_EMPTY_BODY = YES;
				CLANG_WARN_ENUM_CONVERSION = YES;
				CLANG_WARN_INFINITE_RECURSION = YES;
				CLANG_WARN_INT_CONVERSION = YES;
				CLANG_WARN_NON_LITERAL_NULL_CONVERSION = YES;
				CLANG_WARN_OBJC_IMPLICIT_RETAIN_SELF = YES;
				CLANG_WARN_OBJC_LITERAL_CONVERSION = YES;
				CLANG_WARN_OBJC_ROOT_CLASS = YES_ERROR;
				CLANG_WARN_RANGE_LOOP_ANALYSIS = YES;
				CLANG_WARN_STRICT_PROTOTYPES = YES;
				CLANG_WARN_SUSPICIOUS_MOVE = YES;
				CLANG_WARN_UNREACHABLE_CODE = YES;
				CLANG_WARN__DUPLICATE_METHOD_MATCH = YES;
				"CODE_SIGN_IDENTITY[sdk=iphoneos*]" = "iPhone Developer";
				COPY_PHASE_STRIP = NO;
				DEBUG_INFORMATION_FORMAT = dwarf;
				ENABLE_STRICT_OBJC_MSGSEND = YES;
				ENABLE_TESTABILITY = YES;
				GCC_C_LANGUAGE_STANDARD = gnu99;
				GCC_DYNAMIC_NO_PIC = NO;
				GCC_NO_COMMON_BLOCKS = YES;
				GCC_OPTIMIZATION_LEVEL = 0;
				GCC_PREPROCESSOR_DEFINITIONS = (
					"DEBUG=1",
					"$(inherited)",
				);
				GCC_WARN_64_TO_32_BIT_CONVERSION = YES;
				GCC_WARN_ABOUT_RETURN_TYPE = YES_ERROR;
				GCC_WARN_UNDECLARED_SELECTOR = YES;
				GCC_WARN_UNINITIALIZED_AUTOS = YES_AGGRESSIVE;
				GCC_WARN_UNUSED_FUNCTION = YES;
				GCC_WARN_UNUSED_VARIABLE = YES;
				IPHONEOS_DEPLOYMENT_TARGET = 8.0;
				MTL_ENABLE_DEBUG_INFO = YES;
				ONLY_ACTIVE_ARCH = YES;
				SDKROOT = iphoneos;
				SWIFT_OPTIMIZATION_LEVEL = "-Onone";
				SWIFT_VERSION = 4.0;
				TARGETED_DEVICE_FAMILY = "1,2";
			};
			name = Debug;
		};
		F1730EC51DAEA6BE00E2BB0B /* Release */ = {
			isa = XCBuildConfiguration;
			buildSettings = {
				ALWAYS_SEARCH_USER_PATHS = NO;
				CLANG_ANALYZER_NONNULL = YES;
				CLANG_CXX_LANGUAGE_STANDARD = "gnu++0x";
				CLANG_CXX_LIBRARY = "libc++";
				CLANG_ENABLE_MODULES = YES;
				CLANG_ENABLE_OBJC_ARC = YES;
				CLANG_WARN_BLOCK_CAPTURE_AUTORELEASING = YES;
				CLANG_WARN_BOOL_CONVERSION = YES;
				CLANG_WARN_COMMA = YES;
				CLANG_WARN_CONSTANT_CONVERSION = YES;
				CLANG_WARN_DEPRECATED_OBJC_IMPLEMENTATIONS = YES;
				CLANG_WARN_DIRECT_OBJC_ISA_USAGE = YES_ERROR;
				CLANG_WARN_EMPTY_BODY = YES;
				CLANG_WARN_ENUM_CONVERSION = YES;
				CLANG_WARN_INFINITE_RECURSION = YES;
				CLANG_WARN_INT_CONVERSION = YES;
				CLANG_WARN_NON_LITERAL_NULL_CONVERSION = YES;
				CLANG_WARN_OBJC_IMPLICIT_RETAIN_SELF = YES;
				CLANG_WARN_OBJC_LITERAL_CONVERSION = YES;
				CLANG_WARN_OBJC_ROOT_CLASS = YES_ERROR;
				CLANG_WARN_RANGE_LOOP_ANALYSIS = YES;
				CLANG_WARN_STRICT_PROTOTYPES = YES;
				CLANG_WARN_SUSPICIOUS_MOVE = YES;
				CLANG_WARN_UNREACHABLE_CODE = YES;
				CLANG_WARN__DUPLICATE_METHOD_MATCH = YES;
				"CODE_SIGN_IDENTITY[sdk=iphoneos*]" = "iPhone Developer";
				COPY_PHASE_STRIP = NO;
				DEBUG_INFORMATION_FORMAT = "dwarf-with-dsym";
				ENABLE_NS_ASSERTIONS = NO;
				ENABLE_STRICT_OBJC_MSGSEND = YES;
				GCC_C_LANGUAGE_STANDARD = gnu99;
				GCC_NO_COMMON_BLOCKS = YES;
				GCC_WARN_64_TO_32_BIT_CONVERSION = YES;
				GCC_WARN_ABOUT_RETURN_TYPE = YES_ERROR;
				GCC_WARN_UNDECLARED_SELECTOR = YES;
				GCC_WARN_UNINITIALIZED_AUTOS = YES_AGGRESSIVE;
				GCC_WARN_UNUSED_FUNCTION = YES;
				GCC_WARN_UNUSED_VARIABLE = YES;
				IPHONEOS_DEPLOYMENT_TARGET = 8.0;
				MTL_ENABLE_DEBUG_INFO = NO;
				SDKROOT = iphoneos;
				SWIFT_OPTIMIZATION_LEVEL = "-Owholemodule";
				SWIFT_VERSION = 4.0;
				TARGETED_DEVICE_FAMILY = "1,2";
				VALIDATE_PRODUCT = YES;
			};
			name = Release;
		};
		F1730EC71DAEA6BE00E2BB0B /* Debug */ = {
			isa = XCBuildConfiguration;
			buildSettings = {
				ALWAYS_EMBED_SWIFT_STANDARD_LIBRARIES = YES;
				ASSETCATALOG_COMPILER_APPICON_NAME = AppIcon;
				INFOPLIST_FILE = Example/Info.plist;
				IPHONEOS_DEPLOYMENT_TARGET = 10.1;
				LD_RUNPATH_SEARCH_PATHS = "$(inherited) @executable_path/Frameworks";
				PRODUCT_BUNDLE_IDENTIFIER = com.ruddfawcett.Example;
				PRODUCT_NAME = "$(TARGET_NAME)";
				SWIFT_VERSION = 5.0;
				TARGETED_DEVICE_FAMILY = "1,2";
			};
			name = Debug;
		};
		F1730EC81DAEA6BE00E2BB0B /* Release */ = {
			isa = XCBuildConfiguration;
			buildSettings = {
				ALWAYS_EMBED_SWIFT_STANDARD_LIBRARIES = YES;
				ASSETCATALOG_COMPILER_APPICON_NAME = AppIcon;
				INFOPLIST_FILE = Example/Info.plist;
				IPHONEOS_DEPLOYMENT_TARGET = 10.1;
				LD_RUNPATH_SEARCH_PATHS = "$(inherited) @executable_path/Frameworks";
				PRODUCT_BUNDLE_IDENTIFIER = com.ruddfawcett.Example;
				PRODUCT_NAME = "$(TARGET_NAME)";
				SWIFT_VERSION = 5.0;
				TARGETED_DEVICE_FAMILY = "1,2";
			};
			name = Release;
		};
		F1ABABF31DDE923E00E11B6B /* Debug */ = {
			isa = XCBuildConfiguration;
			buildSettings = {
				CLANG_WARN_DOCUMENTATION_COMMENTS = YES;
				CLANG_WARN_SUSPICIOUS_MOVES = YES;
				CODE_SIGN_IDENTITY = "";
				CURRENT_PROJECT_VERSION = 1;
				DEFINES_MODULE = YES;
				DYLIB_COMPATIBILITY_VERSION = 1;
				DYLIB_CURRENT_VERSION = 1;
				DYLIB_INSTALL_NAME_BASE = "@rpath";
				INFOPLIST_FILE = Notepad/Info.plist;
				INSTALL_PATH = "$(LOCAL_LIBRARY_DIR)/Frameworks";
				IPHONEOS_DEPLOYMENT_TARGET = 10.1;
				LD_RUNPATH_SEARCH_PATHS = "$(inherited) @executable_path/Frameworks @loader_path/Frameworks";
				PRODUCT_BUNDLE_IDENTIFIER = com.ruddfawcett.Notepad;
				PRODUCT_NAME = "$(TARGET_NAME)";
				SKIP_INSTALL = YES;
				SWIFT_ACTIVE_COMPILATION_CONDITIONS = DEBUG;
				SWIFT_VERSION = 5.0;
				VERSIONING_SYSTEM = "apple-generic";
				VERSION_INFO_PREFIX = "";
			};
			name = Debug;
		};
		F1ABABF41DDE923E00E11B6B /* Release */ = {
			isa = XCBuildConfiguration;
			buildSettings = {
				CLANG_WARN_DOCUMENTATION_COMMENTS = YES;
				CLANG_WARN_SUSPICIOUS_MOVES = YES;
				CODE_SIGN_IDENTITY = "";
				CURRENT_PROJECT_VERSION = 1;
				DEFINES_MODULE = YES;
				DYLIB_COMPATIBILITY_VERSION = 1;
				DYLIB_CURRENT_VERSION = 1;
				DYLIB_INSTALL_NAME_BASE = "@rpath";
				INFOPLIST_FILE = Notepad/Info.plist;
				INSTALL_PATH = "$(LOCAL_LIBRARY_DIR)/Frameworks";
				IPHONEOS_DEPLOYMENT_TARGET = 10.1;
				LD_RUNPATH_SEARCH_PATHS = "$(inherited) @executable_path/Frameworks @loader_path/Frameworks";
				PRODUCT_BUNDLE_IDENTIFIER = com.ruddfawcett.Notepad;
				PRODUCT_NAME = "$(TARGET_NAME)";
				SKIP_INSTALL = YES;
				SWIFT_VERSION = 5.0;
				VERSIONING_SYSTEM = "apple-generic";
				VERSION_INFO_PREFIX = "";
			};
			name = Release;
		};
/* End XCBuildConfiguration section */

/* Begin XCConfigurationList section */
		504B700C1F21D051002F9D8E /* Build configuration list for PBXNativeTarget "Example macOS" */ = {
			isa = XCConfigurationList;
			buildConfigurations = (
				504B700D1F21D051002F9D8E /* Debug */,
				504B700E1F21D051002F9D8E /* Release */,
			);
			defaultConfigurationIsVisible = 0;
			defaultConfigurationName = Release;
		};
		504B701D1F21D7CB002F9D8E /* Build configuration list for PBXNativeTarget "Notepad macOS" */ = {
			isa = XCConfigurationList;
			buildConfigurations = (
				504B701E1F21D7CB002F9D8E /* Debug */,
				504B701F1F21D7CB002F9D8E /* Release */,
			);
			defaultConfigurationIsVisible = 0;
			defaultConfigurationName = Release;
		};
		F1730EAF1DAEA6BE00E2BB0B /* Build configuration list for PBXProject "Example" */ = {
			isa = XCConfigurationList;
			buildConfigurations = (
				F1730EC41DAEA6BE00E2BB0B /* Debug */,
				F1730EC51DAEA6BE00E2BB0B /* Release */,
			);
			defaultConfigurationIsVisible = 0;
			defaultConfigurationName = Release;
		};
		F1730EC61DAEA6BE00E2BB0B /* Build configuration list for PBXNativeTarget "Example" */ = {
			isa = XCConfigurationList;
			buildConfigurations = (
				F1730EC71DAEA6BE00E2BB0B /* Debug */,
				F1730EC81DAEA6BE00E2BB0B /* Release */,
			);
			defaultConfigurationIsVisible = 0;
			defaultConfigurationName = Release;
		};
		F1ABABF21DDE923E00E11B6B /* Build configuration list for PBXNativeTarget "Notepad" */ = {
			isa = XCConfigurationList;
			buildConfigurations = (
				F1ABABF31DDE923E00E11B6B /* Debug */,
				F1ABABF41DDE923E00E11B6B /* Release */,
			);
			defaultConfigurationIsVisible = 0;
			defaultConfigurationName = Release;
		};
/* End XCConfigurationList section */
	};
	rootObject = F1730EAC1DAEA6BE00E2BB0B /* Project object */;
}
